
Microsoft Visual Studio Solution File, Format Version 12.00
# Visual Studio Version 16
VisualStudioVersion = 16.0.32413.511
MinimumVisualStudioVersion = 10.0.40219.1
Project("{FAE04EC0-301F-11D3-BF4B-00C04F79EFBC}") = "Minimum Number of Taps to Open to Water a Garden", "Minimum Number of Taps to Open to Water a Garden\Minimum Number of Taps to Open to Water a Garden.csproj", "{0440D1F7-313D-457B-8C56-75E388D43D1C}"
EndProject
Global
	GlobalSection(SolutionConfigurationPlatforms) = preSolution
		Debug|Any CPU = Debug|Any CPU
		Release|Any CPU = Release|Any CPU
	EndGlobalSection
	GlobalSection(ProjectConfigurationPlatforms) = postSolution
		{0440D1F7-313D-457B-8C56-75E388D43D1C}.Debug|Any CPU.ActiveCfg = Debug|Any CPU
		{0440D1F7-313D-457B-8C56-75E388D43D1C}.Debug|Any CPU.Build.0 = Debug|Any CPU
		{0440D1F7-313D-457B-8C56-75E388D43D1C}.Release|Any CPU.ActiveCfg = Release|Any CPU
		{0440D1F7-313D-457B-8C56-75E388D43D1C}.Release|Any CPU.Build.0 = Release|Any CPU
	EndGlobalSection
	GlobalSection(SolutionProperties) = preSolution
		HideSolutionNode = FALSE
	EndGlobalSection
	GlobalSection(ExtensibilityGlobals) = postSolution
		SolutionGuid = {E32EDBB7-6601-4143-9455-602B88081DD3}
	EndGlobalSection
EndGlobal
